
Microsoft Visual Studio Solution File, Format Version 12.00
# Visual Studio Version 16
Project("{8BC9CEB8-8B4A-11D0-8D11-00A0C91BC942}") = "ALL_BUILD", "ALL_BUILD.vcxproj", "{8F96CE22-0C21-3A50-BD19-876B5D72D42C}"
	ProjectSection(ProjectDependencies) = postProject
		{8FFD5FB0-1349-320E-B70B-3AE043923A8D} = {8FFD5FB0-1349-320E-B70B-3AE043923A8D}
		{8B0511F0-C01A-3D4E-BBAE-A5A6EC5FEEDF} = {8B0511F0-C01A-3D4E-BBAE-A5A6EC5FEEDF}
	EndProjectSection
EndProject
Project("{8BC9CEB8-8B4A-11D0-8D11-00A0C91BC942}") = "OSLab5", "OSLab5\OSLab5.vcxproj", "{8FFD5FB0-1349-320E-B70B-3AE043923A8D}"
	ProjectSection(ProjectDependencies) = postProject
		{8B0511F0-C01A-3D4E-BBAE-A5A6EC5FEEDF} = {8B0511F0-C01A-3D4E-BBAE-A5A6EC5FEEDF}
	EndProjectSection
EndProject
Project("{8BC9CEB8-8B4A-11D0-8D11-00A0C91BC942}") = "ZERO_CHECK", "ZERO_CHECK.vcxproj", "{8B0511F0-C01A-3D4E-BBAE-A5A6EC5FEEDF}"
	ProjectSection(ProjectDependencies) = postProject
	EndProjectSection
EndProject
Global
	GlobalSection(SolutionConfigurationPlatforms) = preSolution
		Debug|x64 = Debug|x64
		Release|x64 = Release|x64
		MinSizeRel|x64 = MinSizeRel|x64
		RelWithDebInfo|x64 = RelWithDebInfo|x64
	EndGlobalSection
	GlobalSection(ProjectConfigurationPlatforms) = postSolution
		{8F96CE22-0C21-3A50-BD19-876B5D72D42C}.Debug|x64.ActiveCfg = Debug|x64
		{8F96CE22-0C21-3A50-BD19-876B5D72D42C}.Release|x64.ActiveCfg = Release|x64
		{8F96CE22-0C21-3A50-BD19-876B5D72D42C}.MinSizeRel|x64.ActiveCfg = MinSizeRel|x64
		{8F96CE22-0C21-3A50-BD19-876B5D72D42C}.RelWithDebInfo|x64.ActiveCfg = RelWithDebInfo|x64
		{8FFD5FB0-1349-320E-B70B-3AE043923A8D}.Debug|x64.ActiveCfg = Debug|x64
		{8FFD5FB0-1349-320E-B70B-3AE043923A8D}.Debug|x64.Build.0 = Debug|x64
		{8FFD5FB0-1349-320E-B70B-3AE043923A8D}.Release|x64.ActiveCfg = Release|x64
		{8FFD5FB0-1349-320E-B70B-3AE043923A8D}.Release|x64.Build.0 = Release|x64
		{8FFD5FB0-1349-320E-B70B-3AE043923A8D}.MinSizeRel|x64.ActiveCfg = MinSizeRel|x64
		{8FFD5FB0-1349-320E-B70B-3AE043923A8D}.MinSizeRel|x64.Build.0 = MinSizeRel|x64
		{8FFD5FB0-1349-320E-B70B-3AE043923A8D}.RelWithDebInfo|x64.ActiveCfg = RelWithDebInfo|x64
		{8FFD5FB0-1349-320E-B70B-3AE043923A8D}.RelWithDebInfo|x64.Build.0 = RelWithDebInfo|x64
		{8B0511F0-C01A-3D4E-BBAE-A5A6EC5FEEDF}.Debug|x64.ActiveCfg = Debug|x64
		{8B0511F0-C01A-3D4E-BBAE-A5A6EC5FEEDF}.Debug|x64.Build.0 = Debug|x64
		{8B0511F0-C01A-3D4E-BBAE-A5A6EC5FEEDF}.Release|x64.ActiveCfg = Release|x64
		{8B0511F0-C01A-3D4E-BBAE-A5A6EC5FEEDF}.Release|x64.Build.0 = Release|x64
		{8B0511F0-C01A-3D4E-BBAE-A5A6EC5FEEDF}.MinSizeRel|x64.ActiveCfg = MinSizeRel|x64
		{8B0511F0-C01A-3D4E-BBAE-A5A6EC5FEEDF}.MinSizeRel|x64.Build.0 = MinSizeRel|x64
		{8B0511F0-C01A-3D4E-BBAE-A5A6EC5FEEDF}.RelWithDebInfo|x64.ActiveCfg = RelWithDebInfo|x64
		{8B0511F0-C01A-3D4E-BBAE-A5A6EC5FEEDF}.RelWithDebInfo|x64.Build.0 = RelWithDebInfo|x64
	EndGlobalSection
	GlobalSection(ExtensibilityGlobals) = postSolution
		SolutionGuid = {6021FF42-C136-3BD9-9273-9FC64A7CA7D8}
	EndGlobalSection
	GlobalSection(ExtensibilityAddIns) = postSolution
	EndGlobalSection
EndGlobal
